
Microsoft Visual Studio Solution File, Format Version 12.00
# Visual Studio Version 16
VisualStudioVersion = 16.0.30320.27
MinimumVisualStudioVersion = 10.0.40219.1
Project("{9A19103F-16F7-4668-BE54-9A1E7A4F7556}") = "customer-relationship", "customer-relationship\customer-relationship.csproj", "{FCFD6315-1C02-4578-A0CE-B93211F69CE4}"
EndProject
Global
	GlobalSection(SolutionConfigurationPlatforms) = preSolution
		Debug|Any CPU = Debug|Any CPU
		Release|Any CPU = Release|Any CPU
	EndGlobalSection
	GlobalSection(ProjectConfigurationPlatforms) = postSolution
		{FCFD6315-1C02-4578-A0CE-B93211F69CE4}.Debug|Any CPU.ActiveCfg = Debug|Any CPU
		{FCFD6315-1C02-4578-A0CE-B93211F69CE4}.Debug|Any CPU.Build.0 = Debug|Any CPU
		{FCFD6315-1C02-4578-A0CE-B93211F69CE4}.Release|Any CPU.ActiveCfg = Release|Any CPU
		{FCFD6315-1C02-4578-A0CE-B93211F69CE4}.Release|Any CPU.Build.0 = Release|Any CPU
	EndGlobalSection
	GlobalSection(SolutionProperties) = preSolution
		HideSolutionNode = FALSE
	EndGlobalSection
	GlobalSection(ExtensibilityGlobals) = postSolution
		SolutionGuid = {44FCB535-448B-40EF-B083-9AF5EE17FB2A}
	EndGlobalSection
EndGlobal
