
Microsoft Visual Studio Solution File, Format Version 12.00
# Visual Studio Version 16
VisualStudioVersion = 16.0.30320.27
MinimumVisualStudioVersion = 10.0.40219.1
Project("{9A19103F-16F7-4668-BE54-9A1E7A4F7556}") = "Use Attributes", "Use Attributes\Use Attributes.csproj", "{08502E33-4C3D-44FC-902F-6684AEBA9FDB}"
EndProject
Global
	GlobalSection(SolutionConfigurationPlatforms) = preSolution
		Debug|Any CPU = Debug|Any CPU
		Release|Any CPU = Release|Any CPU
	EndGlobalSection
	GlobalSection(ProjectConfigurationPlatforms) = postSolution
		{08502E33-4C3D-44FC-902F-6684AEBA9FDB}.Debug|Any CPU.ActiveCfg = Debug|Any CPU
		{08502E33-4C3D-44FC-902F-6684AEBA9FDB}.Debug|Any CPU.Build.0 = Debug|Any CPU
		{08502E33-4C3D-44FC-902F-6684AEBA9FDB}.Release|Any CPU.ActiveCfg = Release|Any CPU
		{08502E33-4C3D-44FC-902F-6684AEBA9FDB}.Release|Any CPU.Build.0 = Release|Any CPU
	EndGlobalSection
	GlobalSection(SolutionProperties) = preSolution
		HideSolutionNode = FALSE
	EndGlobalSection
	GlobalSection(ExtensibilityGlobals) = postSolution
		SolutionGuid = {D1A9E3DB-5915-4B03-903D-5A70722382BB}
	EndGlobalSection
EndGlobal
